
Microsoft Visual Studio Solution File, Format Version 12.00
# Visual Studio Version 17
VisualStudioVersion = 17.0.31903.59
MinimumVisualStudioVersion = 10.0.40219.1
Project("{2150E333-8FDC-42A3-9474-1A3956D46DE8}") = "src", "src", "{F36A4E09-422F-446E-A188-2020EAE8D101}"
EndProject
Project("{FAE04EC0-301F-11D3-BF4B-00C04F79EFBC}") = "WebAPI", "src\WebAPI\WebAPI.csproj", "{43A96175-658E-4990-A4FC-2E82B9C25D3D}"
EndProject
Global
	GlobalSection(SolutionConfigurationPlatforms) = preSolution
		Debug|Any CPU = Debug|Any CPU
		Release|Any CPU = Release|Any CPU
	EndGlobalSection
	GlobalSection(SolutionProperties) = preSolution
		HideSolutionNode = FALSE
	EndGlobalSection
	GlobalSection(ProjectConfigurationPlatforms) = postSolution
		{43A96175-658E-4990-A4FC-2E82B9C25D3D}.Debug|Any CPU.ActiveCfg = Debug|Any CPU
		{43A96175-658E-4990-A4FC-2E82B9C25D3D}.Debug|Any CPU.Build.0 = Debug|Any CPU
		{43A96175-658E-4990-A4FC-2E82B9C25D3D}.Release|Any CPU.ActiveCfg = Release|Any CPU
		{43A96175-658E-4990-A4FC-2E82B9C25D3D}.Release|Any CPU.Build.0 = Release|Any CPU
	EndGlobalSection
	GlobalSection(NestedProjects) = preSolution
		{43A96175-658E-4990-A4FC-2E82B9C25D3D} = {F36A4E09-422F-446E-A188-2020EAE8D101}
	EndGlobalSection
EndGlobal
